// !$*UTF8*$!
{
	archiveVersion = 1;
	classes = {
	};
	objectVersion = 50;
	objects = {

/* Begin PBXBuildFile section */
		B3BE89F0260B323600F1D715 /* AppDelegate.swift in Sources */ = {isa = PBXBuildFile; fileRef = B3BE89EF260B323600F1D715 /* AppDelegate.swift */; };
		B3BE89F2260B323600F1D715 /* SceneDelegate.swift in Sources */ = {isa = PBXBuildFile; fileRef = B3BE89F1260B323600F1D715 /* SceneDelegate.swift */; };
		B3BE89F4260B323600F1D715 /* ViewController.swift in Sources */ = {isa = PBXBuildFile; fileRef = B3BE89F3260B323600F1D715 /* ViewController.swift */; };
		B3BE89F7260B323600F1D715 /* Main.storyboard in Resources */ = {isa = PBXBuildFile; fileRef = B3BE89F5260B323600F1D715 /* Main.storyboard */; };
		B3BE89F9260B323700F1D715 /* Assets.xcassets in Resources */ = {isa = PBXBuildFile; fileRef = B3BE89F8260B323700F1D715 /* Assets.xcassets */; };
		B3BE89FC260B323700F1D715 /* LaunchScreen.storyboard in Resources */ = {isa = PBXBuildFile; fileRef = B3BE89FA260B323700F1D715 /* LaunchScreen.storyboard */; };
		B3BE8A07260B323700F1D715 /* firstTests.swift in Sources */ = {isa = PBXBuildFile; fileRef = B3BE8A06260B323700F1D715 /* firstTests.swift */; };
		B3BE8A12260B323700F1D715 /* firstUITests.swift in Sources */ = {isa = PBXBuildFile; fileRef = B3BE8A11260B323700F1D715 /* firstUITests.swift */; };
/* End PBXBuildFile section */

/* Begin PBXContainerItemProxy section */
		B3BE8A03260B323700F1D715 /* PBXContainerItemProxy */ = {
			isa = PBXContainerItemProxy;
			containerPortal = B3BE89E4260B323600F1D715 /* Project object */;
			proxyType = 1;
			remoteGlobalIDString = B3BE89EB260B323600F1D715;
			remoteInfo = first;
		};
		B3BE8A0E260B323700F1D715 /* PBXContainerItemProxy */ = {
			isa = PBXContainerItemProxy;
			containerPortal = B3BE89E4260B323600F1D715 /* Project object */;
			proxyType = 1;
			remoteGlobalIDString = B3BE89EB260B323600F1D715;
			remoteInfo = first;
		};
/* End PBXContainerItemProxy section */

/* Begin PBXFileReference section */
		B3BE89EC260B323600F1D715 /* first.app */ = {isa = PBXFileReference; explicitFileType = wrapper.application; includeInIndex = 0; path = first.app; sourceTree = BUILT_PRODUCTS_DIR; };
		B3BE89EF260B323600F1D715 /* AppDelegate.swift */ = {isa = PBXFileReference; lastKnownFileType = sourcecode.swift; path = AppDelegate.swift; sourceTree = "<group>"; };
		B3BE89F1260B323600F1D715 /* SceneDelegate.swift */ = {isa = PBXFileReference; lastKnownFileType = sourcecode.swift; path = SceneDelegate.swift; sourceTree = "<group>"; };
		B3BE89F3260B323600F1D715 /* ViewController.swift */ = {isa = PBXFileReference; lastKnownFileType = sourcecode.swift; path = ViewController.swift; sourceTree = "<group>"; };
		B3BE89F6260B323600F1D715 /* Base */ = {isa = PBXFileReference; lastKnownFileType = file.storyboard; name = Base; path = Base.lproj/Main.storyboard; sourceTree = "<group>"; };
		B3BE89F8260B323700F1D715 /* Assets.xcassets */ = {isa = PBXFileReference; lastKnownFileType = folder.assetcatalog; path = Assets.xcassets; sourceTree = "<group>"; };
		B3BE89FB260B323700F1D715 /* Base */ = {isa = PBXFileReference; lastKnownFileType = file.storyboard; name = Base; path = Base.lproj/LaunchScreen.storyboard; sourceTree = "<group>"; };
		B3BE89FD260B323700F1D715 /* Info.plist */ = {isa = PBXFileReference; lastKnownFileType = text.plist.xml; path = Info.plist; sourceTree = "<group>"; };
		B3BE8A02260B323700F1D715 /* firstTests.xctest */ = {isa = PBXFileReference; explicitFileType = wrapper.cfbundle; includeInIndex = 0; path = firstTests.xctest; sourceTree = BUILT_PRODUCTS_DIR; };
		B3BE8A06260B323700F1D715 /* firstTests.swift */ = {isa = PBXFileReference; lastKnownFileType = sourcecode.swift; path = firstTests.swift; sourceTree = "<group>"; };
		B3BE8A08260B323700F1D715 /* Info.plist */ = {isa = PBXFileReference; lastKnownFileType = text.plist.xml; path = Info.plist; sourceTree = "<group>"; };
		B3BE8A0D260B323700F1D715 /* firstUITests.xctest */ = {isa = PBXFileReference; explicitFileType = wrapper.cfbundle; includeInIndex = 0; path = firstUITests.xctest; sourceTree = BUILT_PRODUCTS_DIR; };
		B3BE8A11260B323700F1D715 /* firstUITests.swift */ = {isa = PBXFileReference; lastKnownFileType = sourcecode.swift; path = firstUITests.swift; sourceTree = "<group>"; };
		B3BE8A13260B323700F1D715 /* Info.plist */ = {isa = PBXFileReference; lastKnownFileType = text.plist.xml; path = Info.plist; sourceTree = "<group>"; };
/* End PBXFileReference section */

/* Begin PBXFrameworksBuildPhase section */
		B3BE89E9260B323600F1D715 /* Frameworks */ = {
			isa = PBXFrameworksBuildPhase;
			buildActionMask = 2147483647;
			files = (
			);
			runOnlyForDeploymentPostprocessing = 0;
		};
		B3BE89FF260B323700F1D715 /* Frameworks */ = {
			isa = PBXFrameworksBuildPhase;
			buildActionMask = 2147483647;
			files = (
			);
			runOnlyForDeploymentPostprocessing = 0;
		};
		B3BE8A0A260B323700F1D715 /* Frameworks */ = {
			isa = PBXFrameworksBuildPhase;
			buildActionMask = 2147483647;
			files = (
			);
			runOnlyForDeploymentPostprocessing = 0;
		};
/* End PBXFrameworksBuildPhase section */

/* Begin PBXGroup section */
		B3BE89E3260B323600F1D715 = {
			isa = PBXGroup;
			children = (
				B3BE89EE260B323600F1D715 /* first */,
				B3BE8A05260B323700F1D715 /* firstTests */,
				B3BE8A10260B323700F1D715 /* firstUITests */,
				B3BE89ED260B323600F1D715 /* Products */,
			);
			sourceTree = "<group>";
		};
		B3BE89ED260B323600F1D715 /* Products */ = {
			isa = PBXGroup;
			children = (
				B3BE89EC260B323600F1D715 /* first.app */,
				B3BE8A02260B323700F1D715 /* firstTests.xctest */,
				B3BE8A0D260B323700F1D715 /* firstUITests.xctest */,
			);
			name = Products;
			sourceTree = "<group>";
		};
		B3BE89EE260B323600F1D715 /* first */ = {
			isa = PBXGroup;
			children = (
				B3BE89EF260B323600F1D715 /* AppDelegate.swift */,
				B3BE89F1260B323600F1D715 /* SceneDelegate.swift */,
				B3BE89F3260B323600F1D715 /* ViewController.swift */,
				B3BE89F5260B323600F1D715 /* Main.storyboard */,
				B3BE89F8260B323700F1D715 /* Assets.xcassets */,
				B3BE89FA260B323700F1D715 /* LaunchScreen.storyboard */,
				B3BE89FD260B323700F1D715 /* Info.plist */,
			);
			path = first;
			sourceTree = "<group>";
		};
		B3BE8A05260B323700F1D715 /* firstTests */ = {
			isa = PBXGroup;
			children = (
				B3BE8A06260B323700F1D715 /* firstTests.swift */,
				B3BE8A08260B323700F1D715 /* Info.plist */,
			);
			path = firstTests;
			sourceTree = "<group>";
		};
		B3BE8A10260B323700F1D715 /* firstUITests */ = {
			isa = PBXGroup;
			children = (
				B3BE8A11260B323700F1D715 /* firstUITests.swift */,
				B3BE8A13260B323700F1D715 /* Info.plist */,
			);
			path = firstUITests;
			sourceTree = "<group>";
		};
/* End PBXGroup section */

/* Begin PBXNativeTarget section */
		B3BE89EB260B323600F1D715 /* first */ = {
			isa = PBXNativeTarget;
			buildConfigurationList = B3BE8A16260B323700F1D715 /* Build configuration list for PBXNativeTarget "first" */;
			buildPhases = (
				B3BE89E8260B323600F1D715 /* Sources */,
				B3BE89E9260B323600F1D715 /* Frameworks */,
				B3BE89EA260B323600F1D715 /* Resources */,
			);
			buildRules = (
			);
			dependencies = (
			);
			name = first;
			productName = first;
			productReference = B3BE89EC260B323600F1D715 /* first.app */;
			productType = "com.apple.product-type.application";
		};
		B3BE8A01260B323700F1D715 /* firstTests */ = {
			isa = PBXNativeTarget;
			buildConfigurationList = B3BE8A19260B323700F1D715 /* Build configuration list for PBXNativeTarget "firstTests" */;
			buildPhases = (
				B3BE89FE260B323700F1D715 /* Sources */,
				B3BE89FF260B323700F1D715 /* Frameworks */,
				B3BE8A00260B323700F1D715 /* Resources */,
			);
			buildRules = (
			);
			dependencies = (
				B3BE8A04260B323700F1D715 /* PBXTargetDependency */,
			);
			name = firstTests;
			productName = firstTests;
			productReference = B3BE8A02260B323700F1D715 /* firstTests.xctest */;
			productType = "com.apple.product-type.bundle.unit-test";
		};
		B3BE8A0C260B323700F1D715 /* firstUITests */ = {
			isa = PBXNativeTarget;
			buildConfigurationList = B3BE8A1C260B323700F1D715 /* Build configuration list for PBXNativeTarget "firstUITests" */;
			buildPhases = (
				B3BE8A09260B323700F1D715 /* Sources */,
				B3BE8A0A260B323700F1D715 /* Frameworks */,
				B3BE8A0B260B323700F1D715 /* Resources */,
			);
			buildRules = (
			);
			dependencies = (
				B3BE8A0F260B323700F1D715 /* PBXTargetDependency */,
			);
			name = firstUITests;
			productName = firstUITests;
			productReference = B3BE8A0D260B323700F1D715 /* firstUITests.xctest */;
			productType = "com.apple.product-type.bundle.ui-testing";
		};
/* End PBXNativeTarget section */

/* Begin PBXProject section */
		B3BE89E4260B323600F1D715 /* Project object */ = {
			isa = PBXProject;
			attributes = {
				LastSwiftUpdateCheck = 1240;
				LastUpgradeCheck = 1240;
				TargetAttributes = {
					B3BE89EB260B323600F1D715 = {
						CreatedOnToolsVersion = 12.4;
					};
					B3BE8A01260B323700F1D715 = {
						CreatedOnToolsVersion = 12.4;
						TestTargetID = B3BE89EB260B323600F1D715;
					};
					B3BE8A0C260B323700F1D715 = {
						CreatedOnToolsVersion = 12.4;
						TestTargetID = B3BE89EB260B323600F1D715;
					};
				};
			};
			buildConfigurationList = B3BE89E7260B323600F1D715 /* Build configuration list for PBXProject "first" */;
			compatibilityVersion = "Xcode 9.3";
			developmentRegion = en;
			hasScannedForEncodings = 0;
			knownRegions = (
				en,
				Base,
			);
			mainGroup = B3BE89E3260B323600F1D715;
			productRefGroup = B3BE89ED260B323600F1D715 /* Products */;
			projectDirPath = "";
			projectRoot = "";
			targets = (
				B3BE89EB260B323600F1D715 /* first */,
				B3BE8A01260B323700F1D715 /* firstTests */,
				B3BE8A0C260B323700F1D715 /* firstUITests */,
			);
		};
/* End PBXProject section */

/* Begin PBXResourcesBuildPhase section */
		B3BE89EA260B323600F1D715 /* Resources */ = {
			isa = PBXResourcesBuildPhase;
			buildActionMask = 2147483647;
			files = (
				B3BE89FC260B323700F1D715 /* LaunchScreen.storyboard in Resources */,
				B3BE89F9260B323700F1D715 /* Assets.xcassets in Resources */,
				B3BE89F7260B323600F1D715 /* Main.storyboard in Resources */,
			);
			runOnlyForDeploymentPostprocessing = 0;
		};
		B3BE8A00260B323700F1D715 /* Resources */ = {
			isa = PBXResourcesBuildPhase;
			buildActionMask = 2147483647;
			files = (
			);
			runOnlyForDeploymentPostprocessing = 0;
		};
		B3BE8A0B260B323700F1D715 /* Resources */ = {
			isa = PBXResourcesBuildPhase;
			buildActionMask = 2147483647;
			files = (
			);
			runOnlyForDeploymentPostprocessing = 0;
		};
/* End PBXResourcesBuildPhase section */

/* Begin PBXSourcesBuildPhase section */
		B3BE89E8260B323600F1D715 /* Sources */ = {
			isa = PBXSourcesBuildPhase;
			buildActionMask = 2147483647;
			files = (
				B3BE89F4260B323600F1D715 /* ViewController.swift in Sources */,
				B3BE89F0260B323600F1D715 /* AppDelegate.swift in Sources */,
				B3BE89F2260B323600F1D715 /* SceneDelegate.swift in Sources */,
			);
			runOnlyForDeploymentPostprocessing = 0;
		};
		B3BE89FE260B323700F1D715 /* Sources */ = {
			isa = PBXSourcesBuildPhase;
			buildActionMask = 2147483647;
			files = (
				B3BE8A07260B323700F1D715 /* firstTests.swift in Sources */,
			);
			runOnlyForDeploymentPostprocessing = 0;
		};
		B3BE8A09260B323700F1D715 /* Sources */ = {
			isa = PBXSourcesBuildPhase;
			buildActionMask = 2147483647;
			files = (
				B3BE8A12260B323700F1D715 /* firstUITests.swift in Sources */,
			);
			runOnlyForDeploymentPostprocessing = 0;
		};
/* End PBXSourcesBuildPhase section */

/* Begin PBXTargetDependency section */
		B3BE8A04260B323700F1D715 /* PBXTargetDependency */ = {
			isa = PBXTargetDependency;
			target = B3BE89EB260B323600F1D715 /* first */;
			targetProxy = B3BE8A03260B323700F1D715 /* PBXContainerItemProxy */;
		};
		B3BE8A0F260B323700F1D715 /* PBXTargetDependency */ = {
			isa = PBXTargetDependency;
			target = B3BE89EB260B323600F1D715 /* first */;
			targetProxy = B3BE8A0E260B323700F1D715 /* PBXContainerItemProxy */;
		};
/* End PBXTargetDependency section */

/* Begin PBXVariantGroup section */
		B3BE89F5260B323600F1D715 /* Main.storyboard */ = {
			isa = PBXVariantGroup;
			children = (
				B3BE89F6260B323600F1D715 /* Base */,
			);
			name = Main.storyboard;
			sourceTree = "<group>";
		};
		B3BE89FA260B323700F1D715 /* LaunchScreen.storyboard */ = {
			isa = PBXVariantGroup;
			children = (
				B3BE89FB260B323700F1D715 /* Base */,
			);
			name = LaunchScreen.storyboard;
			sourceTree = "<group>";
		};
/* End PBXVariantGroup section */

/* Begin XCBuildConfiguration section */
		B3BE8A14260B323700F1D715 /* Debug */ = {
			isa = XCBuildConfiguration;
			buildSettings = {
				ALWAYS_SEARCH_USER_PATHS = NO;
				CLANG_ANALYZER_NONNULL = YES;
				CLANG_ANALYZER_NUMBER_OBJECT_CONVERSION = YES_AGGRESSIVE;
				CLANG_CXX_LANGUAGE_STANDARD = "gnu++14";
				CLANG_CXX_LIBRARY = "libc++";
				CLANG_ENABLE_MODULES = YES;
				CLANG_ENABLE_OBJC_ARC = YES;
				CLANG_ENABLE_OBJC_WEAK = YES;
				CLANG_WARN_BLOCK_CAPTURE_AUTORELEASING = YES;
				CLANG_WARN_BOOL_CONVERSION = YES;
				CLANG_WARN_COMMA = YES;
				CLANG_WARN_CONSTANT_CONVERSION = YES;
				CLANG_WARN_DEPRECATED_OBJC_IMPLEMENTATIONS = YES;
				CLANG_WARN_DIRECT_OBJC_ISA_USAGE = YES_ERROR;
				CLANG_WARN_DOCUMENTATION_COMMENTS = YES;
				CLANG_WARN_EMPTY_BODY = YES;
				CLANG_WARN_ENUM_CONVERSION = YES;
				CLANG_WARN_INFINITE_RECURSION = YES;
				CLANG_WARN_INT_CONVERSION = YES;
				CLANG_WARN_NON_LITERAL_NULL_CONVERSION = YES;
				CLANG_WARN_OBJC_IMPLICIT_RETAIN_SELF = YES;
				CLANG_WARN_OBJC_LITERAL_CONVERSION = YES;
				CLANG_WARN_OBJC_ROOT_CLASS = YES_ERROR;
				CLANG_WARN_QUOTED_INCLUDE_IN_FRAMEWORK_HEADER = YES;
				CLANG_WARN_RANGE_LOOP_ANALYSIS = YES;
				CLANG_WARN_STRICT_PROTOTYPES = YES;
				CLANG_WARN_SUSPICIOUS_MOVE = YES;
				CLANG_WARN_UNGUARDED_AVAILABILITY = YES_AGGRESSIVE;
				CLANG_WARN_UNREACHABLE_CODE = YES;
				CLANG_WARN__DUPLICATE_METHOD_MATCH = YES;
				COPY_PHASE_STRIP = NO;
				DEBUG_INFORMATION_FORMAT = dwarf;
				ENABLE_STRICT_OBJC_MSGSEND = YES;
				ENABLE_TESTABILITY = YES;
				GCC_C_LANGUAGE_STANDARD = gnu11;
				GCC_DYNAMIC_NO_PIC = NO;
				GCC_NO_COMMON_BLOCKS = YES;
				GCC_OPTIMIZATION_LEVEL = 0;
				GCC_PREPROCESSOR_DEFINITIONS = (
					"DEBUG=1",
					"$(inherited)",
				);
				GCC_WARN_64_TO_32_BIT_CONVERSION = YES;
				GCC_WARN_ABOUT_RETURN_TYPE = YES_ERROR;
				GCC_WARN_UNDECLARED_SELECTOR = YES;
				GCC_WARN_UNINITIALIZED_AUTOS = YES_AGGRESSIVE;
				GCC_WARN_UNUSED_FUNCTION = YES;
				GCC_WARN_UNUSED_VARIABLE = YES;
				IPHONEOS_DEPLOYMENT_TARGET = 14.4;
				MTL_ENABLE_DEBUG_INFO = INCLUDE_SOURCE;
				MTL_FAST_MATH = YES;
				ONLY_ACTIVE_ARCH = YES;
				SDKROOT = iphoneos;
				SWIFT_ACTIVE_COMPILATION_CONDITIONS = DEBUG;
				SWIFT_OPTIMIZATION_LEVEL = "-Onone";
			};
			name = Debug;
		};
		B3BE8A15260B323700F1D715 /* Release */ = {
			isa = XCBuildConfiguration;
			buildSettings = {
				ALWAYS_SEARCH_USER_PATHS = NO;
				CLANG_ANALYZER_NONNULL = YES;
				CLANG_ANALYZER_NUMBER_OBJECT_CONVERSION = YES_AGGRESSIVE;
				CLANG_CXX_LANGUAGE_STANDARD = "gnu++14";
				CLANG_CXX_LIBRARY = "libc++";
				CLANG_ENABLE_MODULES = YES;
				CLANG_ENABLE_OBJC_ARC = YES;
				CLANG_ENABLE_OBJC_WEAK = YES;
				CLANG_WARN_BLOCK_CAPTURE_AUTORELEASING = YES;
				CLANG_WARN_BOOL_CONVERSION = YES;
				CLANG_WARN_COMMA = YES;
				CLANG_WARN_CONSTANT_CONVERSION = YES;
				CLANG_WARN_DEPRECATED_OBJC_IMPLEMENTATIONS = YES;
				CLANG_WARN_DIRECT_OBJC_ISA_USAGE = YES_ERROR;
				CLANG_WARN_DOCUMENTATION_COMMENTS = YES;
				CLANG_WARN_EMPTY_BODY = YES;
				CLANG_WARN_ENUM_CONVERSION = YES;
				CLANG_WARN_INFINITE_RECURSION = YES;
				CLANG_WARN_INT_CONVERSION = YES;
				CLANG_WARN_NON_LITERAL_NULL_CONVERSION = YES;
				CLANG_WARN_OBJC_IMPLICIT_RETAIN_SELF = YES;
				CLANG_WARN_OBJC_LITERAL_CONVERSION = YES;
				CLANG_WARN_OBJC_ROOT_CLASS = YES_ERROR;
				CLANG_WARN_QUOTED_INCLUDE_IN_FRAMEWORK_HEADER = YES;
				CLANG_WARN_RANGE_LOOP_ANALYSIS = YES;
				CLANG_WARN_STRICT_PROTOTYPES = YES;
				CLANG_WARN_SUSPICIOUS_MOVE = YES;
				CLANG_WARN_UNGUARDED_AVAILABILITY = YES_AGGRESSIVE;
				CLANG_WARN_UNREACHABLE_CODE = YES;
				CLANG_WARN__DUPLICATE_METHOD_MATCH = YES;
				COPY_PHASE_STRIP = NO;
				DEBUG_INFORMATION_FORMAT = "dwarf-with-dsym";
				ENABLE_NS_ASSERTIONS = NO;
				ENABLE_STRICT_OBJC_MSGSEND = YES;
				GCC_C_LANGUAGE_STANDARD = gnu11;
				GCC_NO_COMMON_BLOCKS = YES;
				GCC_WARN_64_TO_32_BIT_CONVERSION = YES;
				GCC_WARN_ABOUT_RETURN_TYPE = YES_ERROR;
				GCC_WARN_UNDECLARED_SELECTOR = YES;
				GCC_WARN_UNINITIALIZED_AUTOS = YES_AGGRESSIVE;
				GCC_WARN_UNUSED_FUNCTION = YES;
				GCC_WARN_UNUSED_VARIABLE = YES;
				IPHONEOS_DEPLOYMENT_TARGET = 14.4;
				MTL_ENABLE_DEBUG_INFO = NO;
				MTL_FAST_MATH = YES;
				SDKROOT = iphoneos;
				SWIFT_COMPILATION_MODE = wholemodule;
				SWIFT_OPTIMIZATION_LEVEL = "-O";
				VALIDATE_PRODUCT = YES;
			};
			name = Release;
		};
		B3BE8A17260B323700F1D715 /* Debug */ = {
			isa = XCBuildConfiguration;
			buildSettings = {
				ASSETCATALOG_COMPILER_APPICON_NAME = AppIcon;
				ASSETCATALOG_COMPILER_GLOBAL_ACCENT_COLOR_NAME = AccentColor;
				CODE_SIGN_STYLE = Automatic;
				INFOPLIST_FILE = first/Info.plist;
				LD_RUNPATH_SEARCH_PATHS = (
					"$(inherited)",
					"@executable_path/Frameworks",
				);
				PRODUCT_BUNDLE_IDENTIFIER = LachlanB.first;
				PRODUCT_NAME = "$(TARGET_NAME)";
				SWIFT_VERSION = 5.0;
				TARGETED_DEVICE_FAMILY = "1,2";
			};
			name = Debug;
		};
		B3BE8A18260B323700F1D715 /* Release */ = {
			isa = XCBuildConfiguration;
			buildSettings = {
				ASSETCATALOG_COMPILER_APPICON_NAME = AppIcon;
				ASSETCATALOG_COMPILER_GLOBAL_ACCENT_COLOR_NAME = AccentColor;
				CODE_SIGN_STYLE = Automatic;
				INFOPLIST_FILE = first/Info.plist;
				LD_RUNPATH_SEARCH_PATHS = (
					"$(inherited)",
					"@executable_path/Frameworks",
				);
				PRODUCT_BUNDLE_IDENTIFIER = LachlanB.first;
				PRODUCT_NAME = "$(TARGET_NAME)";
				SWIFT_VERSION = 5.0;
				TARGETED_DEVICE_FAMILY = "1,2";
			};
			name = Release;
		};
		B3BE8A1A260B323700F1D715 /* Debug */ = {
			isa = XCBuildConfiguration;
			buildSettings = {
				ALWAYS_EMBED_SWIFT_STANDARD_LIBRARIES = YES;
				BUNDLE_LOADER = "$(TEST_HOST)";
				CODE_SIGN_STYLE = Automatic;
				INFOPLIST_FILE = firstTests/Info.plist;
				IPHONEOS_DEPLOYMENT_TARGET = 14.4;
				LD_RUNPATH_SEARCH_PATHS = (
					"$(inherited)",
					"@executable_path/Frameworks",
					"@loader_path/Frameworks",
				);
				PRODUCT_BUNDLE_IDENTIFIER = LachlanB.firstTests;
				PRODUCT_NAME = "$(TARGET_NAME)";
				SWIFT_VERSION = 5.0;
				TARGETED_DEVICE_FAMILY = "1,2";
				TEST_HOST = "$(BUILT_PRODUCTS_DIR)/first.app/first";
			};
			name = Debug;
		};
		B3BE8A1B260B323700F1D715 /* Release */ = {
			isa = XCBuildConfiguration;
			buildSettings = {
				ALWAYS_EMBED_SWIFT_STANDARD_LIBRARIES = YES;
				BUNDLE_LOADER = "$(TEST_HOST)";
				CODE_SIGN_STYLE = Automatic;
				INFOPLIST_FILE = firstTests/Info.plist;
				IPHONEOS_DEPLOYMENT_TARGET = 14.4;
				LD_RUNPATH_SEARCH_PATHS = (
					"$(inherited)",
					"@executable_path/Frameworks",
					"@loader_path/Frameworks",
				);
				PRODUCT_BUNDLE_IDENTIFIER = LachlanB.firstTests;
				PRODUCT_NAME = "$(TARGET_NAME)";
				SWIFT_VERSION = 5.0;
				TARGETED_DEVICE_FAMILY = "1,2";
				TEST_HOST = "$(BUILT_PRODUCTS_DIR)/first.app/first";
			};
			name = Release;
		};
		B3BE8A1D260B323700F1D715 /* Debug */ = {
			isa = XCBuildConfiguration;
			buildSettings = {
				ALWAYS_EMBED_SWIFT_STANDARD_LIBRARIES = YES;
				CODE_SIGN_STYLE = Automatic;
				INFOPLIST_FILE = firstUITests/Info.plist;
				LD_RUNPATH_SEARCH_PATHS = (
					"$(inherited)",
					"@executable_path/Frameworks",
					"@loader_path/Frameworks",
				);
				PRODUCT_BUNDLE_IDENTIFIER = LachlanB.firstUITests;
				PRODUCT_NAME = "$(TARGET_NAME)";
				SWIFT_VERSION = 5.0;
				TARGETED_DEVICE_FAMILY = "1,2";
				TEST_TARGET_NAME = first;
			};
			name = Debug;
		};
		B3BE8A1E260B323700F1D715 /* Release */ = {
			isa = XCBuildConfiguration;
			buildSettings = {
				ALWAYS_EMBED_SWIFT_STANDARD_LIBRARIES = YES;
				CODE_SIGN_STYLE = Automatic;
				INFOPLIST_FILE = firstUITests/Info.plist;
				LD_RUNPATH_SEARCH_PATHS = (
					"$(inherited)",
					"@executable_path/Frameworks",
					"@loader_path/Frameworks",
				);
				PRODUCT_BUNDLE_IDENTIFIER = LachlanB.firstUITests;
				PRODUCT_NAME = "$(TARGET_NAME)";
				SWIFT_VERSION = 5.0;
				TARGETED_DEVICE_FAMILY = "1,2";
				TEST_TARGET_NAME = first;
			};
			name = Release;
		};
/* End XCBuildConfiguration section */

/* Begin XCConfigurationList section */
		B3BE89E7260B323600F1D715 /* Build configuration list for PBXProject "first" */ = {
			isa = XCConfigurationList;
			buildConfigurations = (
				B3BE8A14260B323700F1D715 /* Debug */,
				B3BE8A15260B323700F1D715 /* Release */,
			);
			defaultConfigurationIsVisible = 0;
			defaultConfigurationName = Release;
		};
		B3BE8A16260B323700F1D715 /* Build configuration list for PBXNativeTarget "first" */ = {
			isa = XCConfigurationList;
			buildConfigurations = (
				B3BE8A17260B323700F1D715 /* Debug */,
				B3BE8A18260B323700F1D715 /* Release */,
			);
			defaultConfigurationIsVisible = 0;
			defaultConfigurationName = Release;
		};
		B3BE8A19260B323700F1D715 /* Build configuration list for PBXNativeTarget "firstTests" */ = {
			isa = XCConfigurationList;
			buildConfigurations = (
				B3BE8A1A260B323700F1D715 /* Debug */,
				B3BE8A1B260B323700F1D715 /* Release */,
			);
			defaultConfigurationIsVisible = 0;
			defaultConfigurationName = Release;
		};
		B3BE8A1C260B323700F1D715 /* Build configuration list for PBXNativeTarget "firstUITests" */ = {
			isa = XCConfigurationList;
			buildConfigurations = (
				B3BE8A1D260B323700F1D715 /* Debug */,
				B3BE8A1E260B323700F1D715 /* Release */,
			);
			defaultConfigurationIsVisible = 0;
			defaultConfigurationName = Release;
		};
/* End XCConfigurationList section */
	};
	rootObject = B3BE89E4260B323600F1D715 /* Project object */;
}
